
Microsoft Visual Studio Solution File, Format Version 12.00
# Visual Studio Version 17
VisualStudioVersion = 17.5.33627.172
MinimumVisualStudioVersion = 10.0.40219.1
Project("{FAE04EC0-301F-11D3-BF4B-00C04F79EFBC}") = "B04Arrays", "B04Arrays\B04Arrays.csproj", "{AF897D54-E580-4AC7-AE95-80E16B79ED51}"
EndProject
Project("{FAE04EC0-301F-11D3-BF4B-00C04F79EFBC}") = "B05EX Arrays", "B05EX Arrays\B05EX Arrays.csproj", "{AE9E39D8-9989-4D4B-90E0-BE44E47C435A}"
EndProject
Project("{FAE04EC0-301F-11D3-BF4B-00C04F79EFBC}") = "B06ArrayAndStringConversions", "B06ArrayAndStringConversions\B06ArrayAndStringConversions.csproj", "{2CF4FE9C-59F2-4326-B687-8DE8A62AB887}"
EndProject
Project("{FAE04EC0-301F-11D3-BF4B-00C04F79EFBC}") = "B08EXList", "B08EXList\B08EXList.csproj", "{F0346435-6424-4338-919B-DDC1D158A072}"
EndProject
Project("{FAE04EC0-301F-11D3-BF4B-00C04F79EFBC}") = "B07Lists", "B07Lists\B07Lists.csproj", "{278ABD2F-BD06-43C5-AC6F-FFC06D7ECB3C}"
EndProject
Project("{FAE04EC0-301F-11D3-BF4B-00C04F79EFBC}") = "B09EX_VolleyballPlayers", "B09EX_VolleyballPlayers\B09EX_VolleyballPlayers.csproj", "{F4B3ED10-CDB4-4C52-925E-CAF6EB9B3A6D}"
EndProject
Project("{FAE04EC0-301F-11D3-BF4B-00C04F79EFBC}") = "B10MultidimensionalArrays", "B10MultidimensionalArrays\B10MultidimensionalArrays.csproj", "{C7D38CB1-328A-4709-8B4F-5B0B5C4C8BEC}"
EndProject
Project("{FAE04EC0-301F-11D3-BF4B-00C04F79EFBC}") = "B12JaggedArrays", "B12JaggedArrays\B12JaggedArrays.csproj", "{CD121BE8-E517-4F8B-9BAB-269B22552F97}"
EndProject
Project("{FAE04EC0-301F-11D3-BF4B-00C04F79EFBC}") = "B13Ex_JaggedArrays", "B13Ex_JaggedArrays\B13Ex_JaggedArrays.csproj", "{57B3F9A5-5511-4A4A-BA35-E9C24D5D1E93}"
EndProject
Project("{FAE04EC0-301F-11D3-BF4B-00C04F79EFBC}") = "B14ListOfList", "B14ListOfList\B14ListOfList.csproj", "{AE411166-32CD-41AC-9E1F-5389B0FFD8E3}"
EndProject
Project("{FAE04EC0-301F-11D3-BF4B-00C04F79EFBC}") = "B15ConversionsArrayToLists", "B15ConversionsArrayToLists\B15ConversionsArrayToLists.csproj", "{C33E9F73-EA89-44A1-821B-4B5A4007C836}"
EndProject
Project("{FAE04EC0-301F-11D3-BF4B-00C04F79EFBC}") = "C01VariableTypes", "C01VariableTypes\C01VariableTypes.csproj", "{F34B5ACA-F8C3-43C4-83FB-AE1E92F7A1E0}"
EndProject
Project("{FAE04EC0-301F-11D3-BF4B-00C04F79EFBC}") = "C02CustomClasses", "C02CustomClasses\C02CustomClasses.csproj", "{C6AD5D9E-ACFB-49BC-9E4D-F8796C599B1F}"
EndProject
Project("{FAE04EC0-301F-11D3-BF4B-00C04F79EFBC}") = "C04EX_Calculator", "C04EX_Calculator\C04EX_Calculator.csproj", "{1FE2C92E-5E77-4700-ACCA-7F9370BD9D26}"
EndProject
Project("{FAE04EC0-301F-11D3-BF4B-00C04F79EFBC}") = "C05EX_TextManager", "C05EX_TextManager\C05EX_TextManager.csproj", "{E421AEB9-250F-47EC-AB8E-321EF0E1AD6A}"
EndProject
Project("{FAE04EC0-301F-11D3-BF4B-00C04F79EFBC}") = "C06TaskWeather", "C06TaskWeather\C06TaskWeather.csproj", "{46F29253-0807-46D0-9104-2CD3F9EF833B}"
EndProject
Project("{FAE04EC0-301F-11D3-BF4B-00C04F79EFBC}") = "H01Excercise", "H01Excercise\H01Excercise.csproj", "{F923885A-C47D-4A92-8612-A39177613296}"
EndProject
Project("{FAE04EC0-301F-11D3-BF4B-00C04F79EFBC}") = "H02Excercise", "H02Excercise\H02Excercise.csproj", "{5328BAF2-8143-42D1-9DC3-C476C98F6D22}"
EndProject
Project("{FAE04EC0-301F-11D3-BF4B-00C04F79EFBC}") = "H03Excercise", "H03Excercise\H03Excercise.csproj", "{3FE4ECF5-E129-4A0C-8D65-0B09D6782BCE}"
EndProject
Project("{FAE04EC0-301F-11D3-BF4B-00C04F79EFBC}") = "H04Excercise", "H04Excercise\H04Excercise.csproj", "{79E09DCA-89B2-4EC5-82AA-2BCC8C6D3F59}"
EndProject
Project("{FAE04EC0-301F-11D3-BF4B-00C04F79EFBC}") = "H05Excercise", "H05Excercise\H05Excercise.csproj", "{9FB48974-09FE-4808-8C17-D7BF2CB93CDA}"
EndProject
Project("{FAE04EC0-301F-11D3-BF4B-00C04F79EFBC}") = "H06Excercise", "H06Excercise\H06Excercise.csproj", "{63B990B6-500A-44AD-BBA9-056798031330}"
EndProject
Project("{FAE04EC0-301F-11D3-BF4B-00C04F79EFBC}") = "H07Excercise", "H07Excercise\H07Excercise.csproj", "{4FC358E8-B2CF-4726-9A0F-C791A293DB31}"
EndProject
Global
	GlobalSection(SolutionConfigurationPlatforms) = preSolution
		Debug|Any CPU = Debug|Any CPU
		Release|Any CPU = Release|Any CPU
	EndGlobalSection
	GlobalSection(ProjectConfigurationPlatforms) = postSolution
		{AF897D54-E580-4AC7-AE95-80E16B79ED51}.Debug|Any CPU.ActiveCfg = Debug|Any CPU
		{AF897D54-E580-4AC7-AE95-80E16B79ED51}.Debug|Any CPU.Build.0 = Debug|Any CPU
		{AF897D54-E580-4AC7-AE95-80E16B79ED51}.Release|Any CPU.ActiveCfg = Release|Any CPU
		{AF897D54-E580-4AC7-AE95-80E16B79ED51}.Release|Any CPU.Build.0 = Release|Any CPU
		{AE9E39D8-9989-4D4B-90E0-BE44E47C435A}.Debug|Any CPU.ActiveCfg = Debug|Any CPU
		{AE9E39D8-9989-4D4B-90E0-BE44E47C435A}.Debug|Any CPU.Build.0 = Debug|Any CPU
		{AE9E39D8-9989-4D4B-90E0-BE44E47C435A}.Release|Any CPU.ActiveCfg = Release|Any CPU
		{AE9E39D8-9989-4D4B-90E0-BE44E47C435A}.Release|Any CPU.Build.0 = Release|Any CPU
		{2CF4FE9C-59F2-4326-B687-8DE8A62AB887}.Debug|Any CPU.ActiveCfg = Debug|Any CPU
		{2CF4FE9C-59F2-4326-B687-8DE8A62AB887}.Debug|Any CPU.Build.0 = Debug|Any CPU
		{2CF4FE9C-59F2-4326-B687-8DE8A62AB887}.Release|Any CPU.ActiveCfg = Release|Any CPU
		{2CF4FE9C-59F2-4326-B687-8DE8A62AB887}.Release|Any CPU.Build.0 = Release|Any CPU
		{F0346435-6424-4338-919B-DDC1D158A072}.Debug|Any CPU.ActiveCfg = Debug|Any CPU
		{F0346435-6424-4338-919B-DDC1D158A072}.Debug|Any CPU.Build.0 = Debug|Any CPU
		{F0346435-6424-4338-919B-DDC1D158A072}.Release|Any CPU.ActiveCfg = Release|Any CPU
		{F0346435-6424-4338-919B-DDC1D158A072}.Release|Any CPU.Build.0 = Release|Any CPU
		{278ABD2F-BD06-43C5-AC6F-FFC06D7ECB3C}.Debug|Any CPU.ActiveCfg = Debug|Any CPU
		{278ABD2F-BD06-43C5-AC6F-FFC06D7ECB3C}.Debug|Any CPU.Build.0 = Debug|Any CPU
		{278ABD2F-BD06-43C5-AC6F-FFC06D7ECB3C}.Release|Any CPU.ActiveCfg = Release|Any CPU
		{278ABD2F-BD06-43C5-AC6F-FFC06D7ECB3C}.Release|Any CPU.Build.0 = Release|Any CPU
		{F4B3ED10-CDB4-4C52-925E-CAF6EB9B3A6D}.Debug|Any CPU.ActiveCfg = Debug|Any CPU
		{F4B3ED10-CDB4-4C52-925E-CAF6EB9B3A6D}.Debug|Any CPU.Build.0 = Debug|Any CPU
		{F4B3ED10-CDB4-4C52-925E-CAF6EB9B3A6D}.Release|Any CPU.ActiveCfg = Release|Any CPU
		{F4B3ED10-CDB4-4C52-925E-CAF6EB9B3A6D}.Release|Any CPU.Build.0 = Release|Any CPU
		{C7D38CB1-328A-4709-8B4F-5B0B5C4C8BEC}.Debug|Any CPU.ActiveCfg = Debug|Any CPU
		{C7D38CB1-328A-4709-8B4F-5B0B5C4C8BEC}.Debug|Any CPU.Build.0 = Debug|Any CPU
		{C7D38CB1-328A-4709-8B4F-5B0B5C4C8BEC}.Release|Any CPU.ActiveCfg = Release|Any CPU
		{C7D38CB1-328A-4709-8B4F-5B0B5C4C8BEC}.Release|Any CPU.Build.0 = Release|Any CPU
		{CD121BE8-E517-4F8B-9BAB-269B22552F97}.Debug|Any CPU.ActiveCfg = Debug|Any CPU
		{CD121BE8-E517-4F8B-9BAB-269B22552F97}.Debug|Any CPU.Build.0 = Debug|Any CPU
		{CD121BE8-E517-4F8B-9BAB-269B22552F97}.Release|Any CPU.ActiveCfg = Release|Any CPU
		{CD121BE8-E517-4F8B-9BAB-269B22552F97}.Release|Any CPU.Build.0 = Release|Any CPU
		{57B3F9A5-5511-4A4A-BA35-E9C24D5D1E93}.Debug|Any CPU.ActiveCfg = Debug|Any CPU
		{57B3F9A5-5511-4A4A-BA35-E9C24D5D1E93}.Debug|Any CPU.Build.0 = Debug|Any CPU
		{57B3F9A5-5511-4A4A-BA35-E9C24D5D1E93}.Release|Any CPU.ActiveCfg = Release|Any CPU
		{57B3F9A5-5511-4A4A-BA35-E9C24D5D1E93}.Release|Any CPU.Build.0 = Release|Any CPU
		{AE411166-32CD-41AC-9E1F-5389B0FFD8E3}.Debug|Any CPU.ActiveCfg = Debug|Any CPU
		{AE411166-32CD-41AC-9E1F-5389B0FFD8E3}.Debug|Any CPU.Build.0 = Debug|Any CPU
		{AE411166-32CD-41AC-9E1F-5389B0FFD8E3}.Release|Any CPU.ActiveCfg = Release|Any CPU
		{AE411166-32CD-41AC-9E1F-5389B0FFD8E3}.Release|Any CPU.Build.0 = Release|Any CPU
		{C33E9F73-EA89-44A1-821B-4B5A4007C836}.Debug|Any CPU.ActiveCfg = Debug|Any CPU
		{C33E9F73-EA89-44A1-821B-4B5A4007C836}.Debug|Any CPU.Build.0 = Debug|Any CPU
		{C33E9F73-EA89-44A1-821B-4B5A4007C836}.Release|Any CPU.ActiveCfg = Release|Any CPU
		{C33E9F73-EA89-44A1-821B-4B5A4007C836}.Release|Any CPU.Build.0 = Release|Any CPU
		{F34B5ACA-F8C3-43C4-83FB-AE1E92F7A1E0}.Debug|Any CPU.ActiveCfg = Debug|Any CPU
		{F34B5ACA-F8C3-43C4-83FB-AE1E92F7A1E0}.Debug|Any CPU.Build.0 = Debug|Any CPU
		{F34B5ACA-F8C3-43C4-83FB-AE1E92F7A1E0}.Release|Any CPU.ActiveCfg = Release|Any CPU
		{F34B5ACA-F8C3-43C4-83FB-AE1E92F7A1E0}.Release|Any CPU.Build.0 = Release|Any CPU
		{C6AD5D9E-ACFB-49BC-9E4D-F8796C599B1F}.Debug|Any CPU.ActiveCfg = Debug|Any CPU
		{C6AD5D9E-ACFB-49BC-9E4D-F8796C599B1F}.Debug|Any CPU.Build.0 = Debug|Any CPU
		{C6AD5D9E-ACFB-49BC-9E4D-F8796C599B1F}.Release|Any CPU.ActiveCfg = Release|Any CPU
		{C6AD5D9E-ACFB-49BC-9E4D-F8796C599B1F}.Release|Any CPU.Build.0 = Release|Any CPU
		{1FE2C92E-5E77-4700-ACCA-7F9370BD9D26}.Debug|Any CPU.ActiveCfg = Debug|Any CPU
		{1FE2C92E-5E77-4700-ACCA-7F9370BD9D26}.Debug|Any CPU.Build.0 = Debug|Any CPU
		{1FE2C92E-5E77-4700-ACCA-7F9370BD9D26}.Release|Any CPU.ActiveCfg = Release|Any CPU
		{1FE2C92E-5E77-4700-ACCA-7F9370BD9D26}.Release|Any CPU.Build.0 = Release|Any CPU
		{E421AEB9-250F-47EC-AB8E-321EF0E1AD6A}.Debug|Any CPU.ActiveCfg = Debug|Any CPU
		{E421AEB9-250F-47EC-AB8E-321EF0E1AD6A}.Debug|Any CPU.Build.0 = Debug|Any CPU
		{E421AEB9-250F-47EC-AB8E-321EF0E1AD6A}.Release|Any CPU.ActiveCfg = Release|Any CPU
		{E421AEB9-250F-47EC-AB8E-321EF0E1AD6A}.Release|Any CPU.Build.0 = Release|Any CPU
		{46F29253-0807-46D0-9104-2CD3F9EF833B}.Debug|Any CPU.ActiveCfg = Debug|Any CPU
		{46F29253-0807-46D0-9104-2CD3F9EF833B}.Debug|Any CPU.Build.0 = Debug|Any CPU
		{46F29253-0807-46D0-9104-2CD3F9EF833B}.Release|Any CPU.ActiveCfg = Release|Any CPU
		{46F29253-0807-46D0-9104-2CD3F9EF833B}.Release|Any CPU.Build.0 = Release|Any CPU
		{F923885A-C47D-4A92-8612-A39177613296}.Debug|Any CPU.ActiveCfg = Debug|Any CPU
		{F923885A-C47D-4A92-8612-A39177613296}.Debug|Any CPU.Build.0 = Debug|Any CPU
		{F923885A-C47D-4A92-8612-A39177613296}.Release|Any CPU.ActiveCfg = Release|Any CPU
		{F923885A-C47D-4A92-8612-A39177613296}.Release|Any CPU.Build.0 = Release|Any CPU
		{5328BAF2-8143-42D1-9DC3-C476C98F6D22}.Debug|Any CPU.ActiveCfg = Debug|Any CPU
		{5328BAF2-8143-42D1-9DC3-C476C98F6D22}.Debug|Any CPU.Build.0 = Debug|Any CPU
		{5328BAF2-8143-42D1-9DC3-C476C98F6D22}.Release|Any CPU.ActiveCfg = Release|Any CPU
		{5328BAF2-8143-42D1-9DC3-C476C98F6D22}.Release|Any CPU.Build.0 = Release|Any CPU
		{3FE4ECF5-E129-4A0C-8D65-0B09D6782BCE}.Debug|Any CPU.ActiveCfg = Debug|Any CPU
		{3FE4ECF5-E129-4A0C-8D65-0B09D6782BCE}.Debug|Any CPU.Build.0 = Debug|Any CPU
		{3FE4ECF5-E129-4A0C-8D65-0B09D6782BCE}.Release|Any CPU.ActiveCfg = Release|Any CPU
		{3FE4ECF5-E129-4A0C-8D65-0B09D6782BCE}.Release|Any CPU.Build.0 = Release|Any CPU
		{79E09DCA-89B2-4EC5-82AA-2BCC8C6D3F59}.Debug|Any CPU.ActiveCfg = Debug|Any CPU
		{79E09DCA-89B2-4EC5-82AA-2BCC8C6D3F59}.Debug|Any CPU.Build.0 = Debug|Any CPU
		{79E09DCA-89B2-4EC5-82AA-2BCC8C6D3F59}.Release|Any CPU.ActiveCfg = Release|Any CPU
		{79E09DCA-89B2-4EC5-82AA-2BCC8C6D3F59}.Release|Any CPU.Build.0 = Release|Any CPU
		{9FB48974-09FE-4808-8C17-D7BF2CB93CDA}.Debug|Any CPU.ActiveCfg = Debug|Any CPU
		{9FB48974-09FE-4808-8C17-D7BF2CB93CDA}.Debug|Any CPU.Build.0 = Debug|Any CPU
		{9FB48974-09FE-4808-8C17-D7BF2CB93CDA}.Release|Any CPU.ActiveCfg = Release|Any CPU
		{9FB48974-09FE-4808-8C17-D7BF2CB93CDA}.Release|Any CPU.Build.0 = Release|Any CPU
		{63B990B6-500A-44AD-BBA9-056798031330}.Debug|Any CPU.ActiveCfg = Debug|Any CPU
		{63B990B6-500A-44AD-BBA9-056798031330}.Debug|Any CPU.Build.0 = Debug|Any CPU
		{63B990B6-500A-44AD-BBA9-056798031330}.Release|Any CPU.ActiveCfg = Release|Any CPU
		{63B990B6-500A-44AD-BBA9-056798031330}.Release|Any CPU.Build.0 = Release|Any CPU
		{4FC358E8-B2CF-4726-9A0F-C791A293DB31}.Debug|Any CPU.ActiveCfg = Debug|Any CPU
		{4FC358E8-B2CF-4726-9A0F-C791A293DB31}.Debug|Any CPU.Build.0 = Debug|Any CPU
		{4FC358E8-B2CF-4726-9A0F-C791A293DB31}.Release|Any CPU.ActiveCfg = Release|Any CPU
		{4FC358E8-B2CF-4726-9A0F-C791A293DB31}.Release|Any CPU.Build.0 = Release|Any CPU
	EndGlobalSection
	GlobalSection(SolutionProperties) = preSolution
		HideSolutionNode = FALSE
	EndGlobalSection
	GlobalSection(ExtensibilityGlobals) = postSolution
		SolutionGuid = {06578CE5-A0B0-45E3-9358-652C7704FBFD}
	EndGlobalSection
EndGlobal
